
Microsoft Visual Studio Solution File, Format Version 12.00
# Visual Studio Version 17
VisualStudioVersion = 17.3.32929.385
MinimumVisualStudioVersion = 10.0.40219.1
Project("{FAE04EC0-301F-11D3-BF4B-00C04F79EFBC}") = "AutomationFile", "AutomationFile\AutomationFile.csproj", "{5EE9DDF6-BDE1-4FBD-BBED-8CFB628EC436}"
EndProject
Project("{FAE04EC0-301F-11D3-BF4B-00C04F79EFBC}") = "Eshop.specs", "Eshop.specs\Eshop.specs.csproj", "{45784A4B-89EF-4AE8-8B9B-A3D5E1D9DBAF}"
EndProject
Global
	GlobalSection(SolutionConfigurationPlatforms) = preSolution
		Debug|Any CPU = Debug|Any CPU
		Release|Any CPU = Release|Any CPU
	EndGlobalSection
	GlobalSection(ProjectConfigurationPlatforms) = postSolution
		{5EE9DDF6-BDE1-4FBD-BBED-8CFB628EC436}.Debug|Any CPU.ActiveCfg = Debug|Any CPU
		{5EE9DDF6-BDE1-4FBD-BBED-8CFB628EC436}.Debug|Any CPU.Build.0 = Debug|Any CPU
		{5EE9DDF6-BDE1-4FBD-BBED-8CFB628EC436}.Release|Any CPU.ActiveCfg = Release|Any CPU
		{5EE9DDF6-BDE1-4FBD-BBED-8CFB628EC436}.Release|Any CPU.Build.0 = Release|Any CPU
		{45784A4B-89EF-4AE8-8B9B-A3D5E1D9DBAF}.Debug|Any CPU.ActiveCfg = Debug|Any CPU
		{45784A4B-89EF-4AE8-8B9B-A3D5E1D9DBAF}.Debug|Any CPU.Build.0 = Debug|Any CPU
		{45784A4B-89EF-4AE8-8B9B-A3D5E1D9DBAF}.Release|Any CPU.ActiveCfg = Release|Any CPU
		{45784A4B-89EF-4AE8-8B9B-A3D5E1D9DBAF}.Release|Any CPU.Build.0 = Release|Any CPU
	EndGlobalSection
	GlobalSection(SolutionProperties) = preSolution
		HideSolutionNode = FALSE
	EndGlobalSection
	GlobalSection(ExtensibilityGlobals) = postSolution
		SolutionGuid = {43185233-E2FA-471D-875E-749C429553F1}
	EndGlobalSection
EndGlobal
